
Microsoft Visual Studio Solution File, Format Version 12.00
# Visual Studio Version 17
VisualStudioVersion = 17.3.32929.385
MinimumVisualStudioVersion = 10.0.40219.1
Project("{FAE04EC0-301F-11D3-BF4B-00C04F79EFBC}") = "BatExtract", "BatExtract\BatExtract.csproj", "{F075AB30-ADF9-4183-A7FA-3019D74440F0}"
EndProject
Global
	GlobalSection(SolutionConfigurationPlatforms) = preSolution
		Debug|Any CPU = Debug|Any CPU
		Release|Any CPU = Release|Any CPU
	EndGlobalSection
	GlobalSection(ProjectConfigurationPlatforms) = postSolution
		{F075AB30-ADF9-4183-A7FA-3019D74440F0}.Debug|Any CPU.ActiveCfg = Debug|Any CPU
		{F075AB30-ADF9-4183-A7FA-3019D74440F0}.Debug|Any CPU.Build.0 = Debug|Any CPU
		{F075AB30-ADF9-4183-A7FA-3019D74440F0}.Release|Any CPU.ActiveCfg = Release|Any CPU
		{F075AB30-ADF9-4183-A7FA-3019D74440F0}.Release|Any CPU.Build.0 = Release|Any CPU
	EndGlobalSection
	GlobalSection(SolutionProperties) = preSolution
		HideSolutionNode = FALSE
	EndGlobalSection
	GlobalSection(ExtensibilityGlobals) = postSolution
		SolutionGuid = {20E6BA42-3E3B-40B8-91AE-240972B3728E}
	EndGlobalSection
EndGlobal
